
Microsoft Visual Studio Solution File, Format Version 12.00
# Visual Studio Version 16
VisualStudioVersion = 16.0.29324.140
MinimumVisualStudioVersion = 10.0.40219.1
Project("{8BC9CEB8-8B4A-11D0-8D11-00A0C91BC942}") = "2D_RPG", "2D_RPG.vcxproj", "{10264A15-190D-42C8-949A-8491541CEF8F}"
EndProject
Global
	GlobalSection(SolutionConfigurationPlatforms) = preSolution
		Debug|x64 = Debug|x64
		Debug|x86 = Debug|x86
		Release|x64 = Release|x64
		Release|x86 = Release|x86
	EndGlobalSection
	GlobalSection(ProjectConfigurationPlatforms) = postSolution
		{10264A15-190D-42C8-949A-8491541CEF8F}.Debug|x64.ActiveCfg = Debug|x64
		{10264A15-190D-42C8-949A-8491541CEF8F}.Debug|x64.Build.0 = Debug|x64
		{10264A15-190D-42C8-949A-8491541CEF8F}.Debug|x86.ActiveCfg = Debug|Win32
		{10264A15-190D-42C8-949A-8491541CEF8F}.Debug|x86.Build.0 = Debug|Win32
		{10264A15-190D-42C8-949A-8491541CEF8F}.Release|x64.ActiveCfg = Release|x64
		{10264A15-190D-42C8-949A-8491541CEF8F}.Release|x64.Build.0 = Release|x64
		{10264A15-190D-42C8-949A-8491541CEF8F}.Release|x86.ActiveCfg = Release|Win32
		{10264A15-190D-42C8-949A-8491541CEF8F}.Release|x86.Build.0 = Release|Win32
	EndGlobalSection
	GlobalSection(SolutionProperties) = preSolution
		HideSolutionNode = FALSE
	EndGlobalSection
	GlobalSection(ExtensibilityGlobals) = postSolution
		SolutionGuid = {E302A292-D367-48F1-8650-3D2CAB0D8C4A}
	EndGlobalSection
EndGlobal
